
Microsoft Visual Studio Solution File, Format Version 12.00
# Visual Studio Version 17
VisualStudioVersion = 17.4.33103.184
MinimumVisualStudioVersion = 10.0.40219.1
Project("{2150E333-8FDC-42A3-9474-1A3956D46DE8}") = "src", "src", "{76A1FA56-30A9-4ADA-9F44-101DF0AF820F}"
EndProject
Project("{2150E333-8FDC-42A3-9474-1A3956D46DE8}") = "ApiGateways", "ApiGateways", "{FA0242FC-85BA-46EB-9348-A2BAA3EE13AC}"
EndProject
Project("{2150E333-8FDC-42A3-9474-1A3956D46DE8}") = "BuldingBlocks", "BuldingBlocks", "{82D5E21E-2FD9-4C30-93D5-A48B78FF5119}"
EndProject
Project("{2150E333-8FDC-42A3-9474-1A3956D46DE8}") = "Services", "Services", "{A6CE4000-8D4B-4EB8-894C-D229C1FCB124}"
EndProject
Project("{2150E333-8FDC-42A3-9474-1A3956D46DE8}") = "Appointment", "Appointment", "{824EA057-270C-4726-BD5F-3F654BFEE87B}"
EndProject
Project("{E53339B2-1760-4266-BCC7-CA923CBCF16C}") = "docker-compose", "docker-compose.dcproj", "{E4F696DB-AF00-4EFD-9EC1-5BF1BF1E834A}"
EndProject
Project("{2150E333-8FDC-42A3-9474-1A3956D46DE8}") = "Reservation", "Reservation", "{9E08703E-7479-4D3F-A5D1-9071C873F8B3}"
EndProject
Project("{2150E333-8FDC-42A3-9474-1A3956D46DE8}") = "Notification", "Notification", "{B700917E-1929-4F0E-A4DD-BF600E5C5E54}"
EndProject
Project("{2150E333-8FDC-42A3-9474-1A3956D46DE8}") = "Company", "Company", "{6EAE0325-5EFB-4B88-8712-6FA8040D4D50}"
EndProject
Project("{2150E333-8FDC-42A3-9474-1A3956D46DE8}") = "WebApiGateway", "WebApiGateway", "{93149AB1-01F6-4479-89EB-06F7A41AAE28}"
EndProject
Project("{9A19103F-16F7-4668-BE54-9A1E7A4F7556}") = "Web.ApiGateway", "src\ApiGateways\WebApiGateway\Web.ApiGateway\Web.ApiGateway.csproj", "{F756C86A-BB5D-4DCF-859E-F2C53C633C18}"
EndProject
Project("{2150E333-8FDC-42A3-9474-1A3956D46DE8}") = "EventBus", "EventBus", "{D518D445-F101-4509-9E42-2E8D76C5707F}"
EndProject
Project("{9A19103F-16F7-4668-BE54-9A1E7A4F7556}") = "EventBus.Base", "src\BuildingBlocks\EventBus\Eventbus.Base\EventBus.Base.csproj", "{A2AF50E3-397E-4E08-B024-FA63598BC1EF}"
EndProject
Project("{9A19103F-16F7-4668-BE54-9A1E7A4F7556}") = "EventBus.Factory", "src\BuildingBlocks\EventBus\EventBus.Factory\EventBus.Factory.csproj", "{B600DFD5-E1D0-49C4-91B6-B74935F976FD}"
EndProject
Project("{9A19103F-16F7-4668-BE54-9A1E7A4F7556}") = "EventBus.AzureServiceBus", "src\BuildingBlocks\EventBus\EventBus.AzureServiceBus\EventBus.AzureServiceBus.csproj", "{CE5E5CAA-4B4C-4884-B57F-9A16F8CE5450}"
EndProject
Project("{9A19103F-16F7-4668-BE54-9A1E7A4F7556}") = "EventBus.RabbitMQ", "src\BuildingBlocks\EventBus\EventBus.RabbitMQ\EventBus.RabbitMQ.csproj", "{6D78246A-6BB3-4C43-8667-AF32FEADA33C}"
EndProject
Project("{2150E333-8FDC-42A3-9474-1A3956D46DE8}") = "Clients", "Clients", "{B15A5C70-2F60-40E4-8DF6-740F151FE2D5}"
EndProject
Project("{2150E333-8FDC-42A3-9474-1A3956D46DE8}") = "BlazorWebApp", "BlazorWebApp", "{7A350206-609D-415A-AF07-09E405595923}"
EndProject
Project("{9A19103F-16F7-4668-BE54-9A1E7A4F7556}") = "WebApp", "src\Clients\BlazorWebApp\WebApp\WebApp.csproj", "{843E56B3-A78B-4313-884E-2D232A0B01DA}"
EndProject
Project("{9A19103F-16F7-4668-BE54-9A1E7A4F7556}") = "Appointment.Api", "src\Services\Appointment.Api\Appointment.Api\Appointment.Api.csproj", "{FD5167A3-C3EB-41FD-8E99-4BEC26B239EE}"
EndProject
Project("{9A19103F-16F7-4668-BE54-9A1E7A4F7556}") = "Company.Api", "src\Services\Company.Api\Company.Api\Company.Api.csproj", "{ECA81487-8672-4ECD-B0FC-197E6DEF7C34}"
EndProject
Project("{9A19103F-16F7-4668-BE54-9A1E7A4F7556}") = "Notification.Api", "src\Services\Notification.Api\Notification.Api\Notification.Api.csproj", "{5542C0F3-AEFD-4589-ACE1-30397326D0A9}"
EndProject
Project("{9A19103F-16F7-4668-BE54-9A1E7A4F7556}") = "Reservation.Domain", "src\Services\Reservation.Api\Reservation.Domain\Reservation.Domain.csproj", "{8B178151-6EA2-407B-B5AD-889456568E55}"
EndProject
Project("{9A19103F-16F7-4668-BE54-9A1E7A4F7556}") = "Reservation.Application", "src\Services\Reservation.Api\Reservation.Application\Reservation.Application.csproj", "{4E7CAE06-034A-45A9-AA7E-9D93AEBAA6D3}"
EndProject
Project("{9A19103F-16F7-4668-BE54-9A1E7A4F7556}") = "Reservation.Infrastructure", "src\Services\Reservation.Api\Reservation.Infrastructure\Reservation.Infrastructure.csproj", "{304932F3-4235-4E4F-A692-F81891B62BCD}"
EndProject
Project("{9A19103F-16F7-4668-BE54-9A1E7A4F7556}") = "Reservation.Api", "src\Services\Reservation.Api\Reservation.Api\Reservation.Api.csproj", "{482C2E20-0B3F-4905-B098-90546F0F1EB8}"
EndProject
Project("{2150E333-8FDC-42A3-9474-1A3956D46DE8}") = "Identity", "Identity", "{EA91C004-F9C4-4F4B-9E1B-C40AF9816D0A}"
EndProject
Project("{9A19103F-16F7-4668-BE54-9A1E7A4F7556}") = "Identity.Api", "src\Services\Identity.Api\Identity.Api\Identity.Api.csproj", "{504CB304-19BC-4A4A-B5DD-3E67C8E18656}"
EndProject
Project("{2150E333-8FDC-42A3-9474-1A3956D46DE8}") = "test", "test", "{C78C09B4-4D09-471B-AADF-B40E239CC9E5}"
EndProject
Project("{2150E333-8FDC-42A3-9474-1A3956D46DE8}") = "BuildingBlocks", "BuildingBlocks", "{1BB35EF4-D531-4ABA-9B89-E4BE0A117F5C}"
EndProject
Project("{FAE04EC0-301F-11D3-BF4B-00C04F79EFBC}") = "EventBus.UnitTest", "tests\BuildingBlocks\EventBus.UnitTest\EventBus.UnitTest.csproj", "{C03F6CE8-6170-4D59-B43E-42A8F046C146}"
EndProject
Project("{9A19103F-16F7-4668-BE54-9A1E7A4F7556}") = "EventBus.XUnitTest", "tests\BuildingBlocks\EventBus.XUnitTest\EventBus.XUnitTest.csproj", "{EF6CC73D-4F5A-4654-B465-52536A840E0F}"
EndProject
Project("{2150E333-8FDC-42A3-9474-1A3956D46DE8}") = "CatalogService", "CatalogService", "{0295482A-4008-4C3C-8405-F970DC137B41}"
EndProject
Project("{FAE04EC0-301F-11D3-BF4B-00C04F79EFBC}") = "CatalogService.Api", "src\Services\Catalog.Api\CatalogService.Api\CatalogService.Api\CatalogService.Api.csproj", "{C465A548-B8A8-4EBB-A887-EA9153B6703C}"
EndProject
Global
	GlobalSection(SolutionConfigurationPlatforms) = preSolution
		Debug|Any CPU = Debug|Any CPU
		Release|Any CPU = Release|Any CPU
	EndGlobalSection
	GlobalSection(ProjectConfigurationPlatforms) = postSolution
		{E4F696DB-AF00-4EFD-9EC1-5BF1BF1E834A}.Debug|Any CPU.ActiveCfg = Debug|Any CPU
		{E4F696DB-AF00-4EFD-9EC1-5BF1BF1E834A}.Debug|Any CPU.Build.0 = Debug|Any CPU
		{E4F696DB-AF00-4EFD-9EC1-5BF1BF1E834A}.Release|Any CPU.ActiveCfg = Release|Any CPU
		{E4F696DB-AF00-4EFD-9EC1-5BF1BF1E834A}.Release|Any CPU.Build.0 = Release|Any CPU
		{F756C86A-BB5D-4DCF-859E-F2C53C633C18}.Debug|Any CPU.ActiveCfg = Debug|Any CPU
		{F756C86A-BB5D-4DCF-859E-F2C53C633C18}.Debug|Any CPU.Build.0 = Debug|Any CPU
		{F756C86A-BB5D-4DCF-859E-F2C53C633C18}.Release|Any CPU.ActiveCfg = Release|Any CPU
		{F756C86A-BB5D-4DCF-859E-F2C53C633C18}.Release|Any CPU.Build.0 = Release|Any CPU
		{A2AF50E3-397E-4E08-B024-FA63598BC1EF}.Debug|Any CPU.ActiveCfg = Debug|Any CPU
		{A2AF50E3-397E-4E08-B024-FA63598BC1EF}.Debug|Any CPU.Build.0 = Debug|Any CPU
		{A2AF50E3-397E-4E08-B024-FA63598BC1EF}.Release|Any CPU.ActiveCfg = Release|Any CPU
		{A2AF50E3-397E-4E08-B024-FA63598BC1EF}.Release|Any CPU.Build.0 = Release|Any CPU
		{B600DFD5-E1D0-49C4-91B6-B74935F976FD}.Debug|Any CPU.ActiveCfg = Debug|Any CPU
		{B600DFD5-E1D0-49C4-91B6-B74935F976FD}.Debug|Any CPU.Build.0 = Debug|Any CPU
		{B600DFD5-E1D0-49C4-91B6-B74935F976FD}.Release|Any CPU.ActiveCfg = Release|Any CPU
		{B600DFD5-E1D0-49C4-91B6-B74935F976FD}.Release|Any CPU.Build.0 = Release|Any CPU
		{CE5E5CAA-4B4C-4884-B57F-9A16F8CE5450}.Debug|Any CPU.ActiveCfg = Debug|Any CPU
		{CE5E5CAA-4B4C-4884-B57F-9A16F8CE5450}.Debug|Any CPU.Build.0 = Debug|Any CPU
		{CE5E5CAA-4B4C-4884-B57F-9A16F8CE5450}.Release|Any CPU.ActiveCfg = Release|Any CPU
		{CE5E5CAA-4B4C-4884-B57F-9A16F8CE5450}.Release|Any CPU.Build.0 = Release|Any CPU
		{6D78246A-6BB3-4C43-8667-AF32FEADA33C}.Debug|Any CPU.ActiveCfg = Debug|Any CPU
		{6D78246A-6BB3-4C43-8667-AF32FEADA33C}.Debug|Any CPU.Build.0 = Debug|Any CPU
		{6D78246A-6BB3-4C43-8667-AF32FEADA33C}.Release|Any CPU.ActiveCfg = Release|Any CPU
		{6D78246A-6BB3-4C43-8667-AF32FEADA33C}.Release|Any CPU.Build.0 = Release|Any CPU
		{843E56B3-A78B-4313-884E-2D232A0B01DA}.Debug|Any CPU.ActiveCfg = Debug|Any CPU
		{843E56B3-A78B-4313-884E-2D232A0B01DA}.Debug|Any CPU.Build.0 = Debug|Any CPU
		{843E56B3-A78B-4313-884E-2D232A0B01DA}.Release|Any CPU.ActiveCfg = Release|Any CPU
		{843E56B3-A78B-4313-884E-2D232A0B01DA}.Release|Any CPU.Build.0 = Release|Any CPU
		{FD5167A3-C3EB-41FD-8E99-4BEC26B239EE}.Debug|Any CPU.ActiveCfg = Debug|Any CPU
		{FD5167A3-C3EB-41FD-8E99-4BEC26B239EE}.Debug|Any CPU.Build.0 = Debug|Any CPU
		{FD5167A3-C3EB-41FD-8E99-4BEC26B239EE}.Release|Any CPU.ActiveCfg = Release|Any CPU
		{FD5167A3-C3EB-41FD-8E99-4BEC26B239EE}.Release|Any CPU.Build.0 = Release|Any CPU
		{ECA81487-8672-4ECD-B0FC-197E6DEF7C34}.Debug|Any CPU.ActiveCfg = Debug|Any CPU
		{ECA81487-8672-4ECD-B0FC-197E6DEF7C34}.Debug|Any CPU.Build.0 = Debug|Any CPU
		{ECA81487-8672-4ECD-B0FC-197E6DEF7C34}.Release|Any CPU.ActiveCfg = Release|Any CPU
		{ECA81487-8672-4ECD-B0FC-197E6DEF7C34}.Release|Any CPU.Build.0 = Release|Any CPU
		{5542C0F3-AEFD-4589-ACE1-30397326D0A9}.Debug|Any CPU.ActiveCfg = Debug|Any CPU
		{5542C0F3-AEFD-4589-ACE1-30397326D0A9}.Debug|Any CPU.Build.0 = Debug|Any CPU
		{5542C0F3-AEFD-4589-ACE1-30397326D0A9}.Release|Any CPU.ActiveCfg = Release|Any CPU
		{5542C0F3-AEFD-4589-ACE1-30397326D0A9}.Release|Any CPU.Build.0 = Release|Any CPU
		{8B178151-6EA2-407B-B5AD-889456568E55}.Debug|Any CPU.ActiveCfg = Debug|Any CPU
		{8B178151-6EA2-407B-B5AD-889456568E55}.Debug|Any CPU.Build.0 = Debug|Any CPU
		{8B178151-6EA2-407B-B5AD-889456568E55}.Release|Any CPU.ActiveCfg = Release|Any CPU
		{8B178151-6EA2-407B-B5AD-889456568E55}.Release|Any CPU.Build.0 = Release|Any CPU
		{4E7CAE06-034A-45A9-AA7E-9D93AEBAA6D3}.Debug|Any CPU.ActiveCfg = Debug|Any CPU
		{4E7CAE06-034A-45A9-AA7E-9D93AEBAA6D3}.Debug|Any CPU.Build.0 = Debug|Any CPU
		{4E7CAE06-034A-45A9-AA7E-9D93AEBAA6D3}.Release|Any CPU.ActiveCfg = Release|Any CPU
		{4E7CAE06-034A-45A9-AA7E-9D93AEBAA6D3}.Release|Any CPU.Build.0 = Release|Any CPU
		{304932F3-4235-4E4F-A692-F81891B62BCD}.Debug|Any CPU.ActiveCfg = Debug|Any CPU
		{304932F3-4235-4E4F-A692-F81891B62BCD}.Debug|Any CPU.Build.0 = Debug|Any CPU
		{304932F3-4235-4E4F-A692-F81891B62BCD}.Release|Any CPU.ActiveCfg = Release|Any CPU
		{304932F3-4235-4E4F-A692-F81891B62BCD}.Release|Any CPU.Build.0 = Release|Any CPU
		{482C2E20-0B3F-4905-B098-90546F0F1EB8}.Debug|Any CPU.ActiveCfg = Debug|Any CPU
		{482C2E20-0B3F-4905-B098-90546F0F1EB8}.Debug|Any CPU.Build.0 = Debug|Any CPU
		{482C2E20-0B3F-4905-B098-90546F0F1EB8}.Release|Any CPU.ActiveCfg = Release|Any CPU
		{482C2E20-0B3F-4905-B098-90546F0F1EB8}.Release|Any CPU.Build.0 = Release|Any CPU
		{504CB304-19BC-4A4A-B5DD-3E67C8E18656}.Debug|Any CPU.ActiveCfg = Debug|Any CPU
		{504CB304-19BC-4A4A-B5DD-3E67C8E18656}.Debug|Any CPU.Build.0 = Debug|Any CPU
		{504CB304-19BC-4A4A-B5DD-3E67C8E18656}.Release|Any CPU.ActiveCfg = Release|Any CPU
		{504CB304-19BC-4A4A-B5DD-3E67C8E18656}.Release|Any CPU.Build.0 = Release|Any CPU
		{C03F6CE8-6170-4D59-B43E-42A8F046C146}.Debug|Any CPU.ActiveCfg = Debug|Any CPU
		{C03F6CE8-6170-4D59-B43E-42A8F046C146}.Debug|Any CPU.Build.0 = Debug|Any CPU
		{C03F6CE8-6170-4D59-B43E-42A8F046C146}.Release|Any CPU.ActiveCfg = Release|Any CPU
		{C03F6CE8-6170-4D59-B43E-42A8F046C146}.Release|Any CPU.Build.0 = Release|Any CPU
		{EF6CC73D-4F5A-4654-B465-52536A840E0F}.Debug|Any CPU.ActiveCfg = Debug|Any CPU
		{EF6CC73D-4F5A-4654-B465-52536A840E0F}.Debug|Any CPU.Build.0 = Debug|Any CPU
		{EF6CC73D-4F5A-4654-B465-52536A840E0F}.Release|Any CPU.ActiveCfg = Release|Any CPU
		{EF6CC73D-4F5A-4654-B465-52536A840E0F}.Release|Any CPU.Build.0 = Release|Any CPU
		{C465A548-B8A8-4EBB-A887-EA9153B6703C}.Debug|Any CPU.ActiveCfg = Debug|Any CPU
		{C465A548-B8A8-4EBB-A887-EA9153B6703C}.Debug|Any CPU.Build.0 = Debug|Any CPU
		{C465A548-B8A8-4EBB-A887-EA9153B6703C}.Release|Any CPU.ActiveCfg = Release|Any CPU
		{C465A548-B8A8-4EBB-A887-EA9153B6703C}.Release|Any CPU.Build.0 = Release|Any CPU
	EndGlobalSection
	GlobalSection(SolutionProperties) = preSolution
		HideSolutionNode = FALSE
	EndGlobalSection
	GlobalSection(NestedProjects) = preSolution
		{FA0242FC-85BA-46EB-9348-A2BAA3EE13AC} = {76A1FA56-30A9-4ADA-9F44-101DF0AF820F}
		{82D5E21E-2FD9-4C30-93D5-A48B78FF5119} = {76A1FA56-30A9-4ADA-9F44-101DF0AF820F}
		{A6CE4000-8D4B-4EB8-894C-D229C1FCB124} = {76A1FA56-30A9-4ADA-9F44-101DF0AF820F}
		{824EA057-270C-4726-BD5F-3F654BFEE87B} = {A6CE4000-8D4B-4EB8-894C-D229C1FCB124}
		{9E08703E-7479-4D3F-A5D1-9071C873F8B3} = {A6CE4000-8D4B-4EB8-894C-D229C1FCB124}
		{B700917E-1929-4F0E-A4DD-BF600E5C5E54} = {A6CE4000-8D4B-4EB8-894C-D229C1FCB124}
		{6EAE0325-5EFB-4B88-8712-6FA8040D4D50} = {A6CE4000-8D4B-4EB8-894C-D229C1FCB124}
		{93149AB1-01F6-4479-89EB-06F7A41AAE28} = {FA0242FC-85BA-46EB-9348-A2BAA3EE13AC}
		{F756C86A-BB5D-4DCF-859E-F2C53C633C18} = {93149AB1-01F6-4479-89EB-06F7A41AAE28}
		{D518D445-F101-4509-9E42-2E8D76C5707F} = {82D5E21E-2FD9-4C30-93D5-A48B78FF5119}
		{A2AF50E3-397E-4E08-B024-FA63598BC1EF} = {D518D445-F101-4509-9E42-2E8D76C5707F}
		{B600DFD5-E1D0-49C4-91B6-B74935F976FD} = {D518D445-F101-4509-9E42-2E8D76C5707F}
		{CE5E5CAA-4B4C-4884-B57F-9A16F8CE5450} = {D518D445-F101-4509-9E42-2E8D76C5707F}
		{6D78246A-6BB3-4C43-8667-AF32FEADA33C} = {D518D445-F101-4509-9E42-2E8D76C5707F}
		{B15A5C70-2F60-40E4-8DF6-740F151FE2D5} = {76A1FA56-30A9-4ADA-9F44-101DF0AF820F}
		{7A350206-609D-415A-AF07-09E405595923} = {B15A5C70-2F60-40E4-8DF6-740F151FE2D5}
		{843E56B3-A78B-4313-884E-2D232A0B01DA} = {7A350206-609D-415A-AF07-09E405595923}
		{FD5167A3-C3EB-41FD-8E99-4BEC26B239EE} = {824EA057-270C-4726-BD5F-3F654BFEE87B}
		{ECA81487-8672-4ECD-B0FC-197E6DEF7C34} = {6EAE0325-5EFB-4B88-8712-6FA8040D4D50}
		{5542C0F3-AEFD-4589-ACE1-30397326D0A9} = {B700917E-1929-4F0E-A4DD-BF600E5C5E54}
		{8B178151-6EA2-407B-B5AD-889456568E55} = {9E08703E-7479-4D3F-A5D1-9071C873F8B3}
		{4E7CAE06-034A-45A9-AA7E-9D93AEBAA6D3} = {9E08703E-7479-4D3F-A5D1-9071C873F8B3}
		{304932F3-4235-4E4F-A692-F81891B62BCD} = {9E08703E-7479-4D3F-A5D1-9071C873F8B3}
		{482C2E20-0B3F-4905-B098-90546F0F1EB8} = {9E08703E-7479-4D3F-A5D1-9071C873F8B3}
		{EA91C004-F9C4-4F4B-9E1B-C40AF9816D0A} = {A6CE4000-8D4B-4EB8-894C-D229C1FCB124}
		{504CB304-19BC-4A4A-B5DD-3E67C8E18656} = {EA91C004-F9C4-4F4B-9E1B-C40AF9816D0A}
		{1BB35EF4-D531-4ABA-9B89-E4BE0A117F5C} = {C78C09B4-4D09-471B-AADF-B40E239CC9E5}
		{C03F6CE8-6170-4D59-B43E-42A8F046C146} = {1BB35EF4-D531-4ABA-9B89-E4BE0A117F5C}
		{EF6CC73D-4F5A-4654-B465-52536A840E0F} = {1BB35EF4-D531-4ABA-9B89-E4BE0A117F5C}
		{0295482A-4008-4C3C-8405-F970DC137B41} = {A6CE4000-8D4B-4EB8-894C-D229C1FCB124}
		{C465A548-B8A8-4EBB-A887-EA9153B6703C} = {0295482A-4008-4C3C-8405-F970DC137B41}
	EndGlobalSection
	GlobalSection(ExtensibilityGlobals) = postSolution
		SolutionGuid = {0D16DDA5-1018-40A7-8257-408F03059560}
	EndGlobalSection
EndGlobal
